dependencies:
  espressif/esp-idf-cxx:
    component_hash: 2fa63e4e725f0c2d3dd6d99da8a91d404b4b49667088b1be0f336eb9c13ff17f
    dependencies:
    - name: idf
      require: private
      version: '>=5.0'
    source:
      registry_url: https://components.espressif.com/
      type: service
    version: 1.0.2-beta
  espressif/led_strip:
    component_hash: 28621486f77229aaf81c71f5e15d6fbf36c2949cf11094e07090593e659e7639
    dependencies:
    - name: idf
      require: private
      version: '>=5.0'
    source:
      registry_url: https://components.espressif.com/
      type: service
    version: 3.0.3
  idf:
    source:
      type: idf
    version: 6.0.2
  jef-sure/pn532:
    component_hash: c3fe7a431d41a34d1e0d9cef1a25d1f67de2a9f0349143919396a1c74e285575
    dependencies:
    - name: idf
      require: private
      version: '>=5.2.0'
    source:
      registry_url: https://components.espressif.com/
      type: service
    version: 0.0.3
direct_dependencies:
- espressif/esp-idf-cxx
- espressif/led_strip
- idf
- jef-sure/pn532
manifest_hash: da0081e83d77f97fd96cfab8f6b0a55413be038fc820c3d1c22933cf7e027656
target: esp32s3
version: 3.0.0
